
Microsoft Visual Studio Solution File, Format Version 12.00
# Visual Studio Version 17
VisualStudioVersion = 17.8.34309.116
MinimumVisualStudioVersion = 10.0.40219.1
Project("{9A19103F-16F7-4668-BE54-9A1E7A4F7556}") = "Telbat", "Telbat\Telbat.csproj", "{E121BFB5-D0CD-4FC4-95AC-33A16D8230BA}"
EndProject
Project("{2150E333-8FDC-42A3-9474-1A3956D46DE8}") = "Tests", "Tests", "{65378F0A-3BBB-40EF-B3DB-36C372143BAD}"
EndProject
Project("{9A19103F-16F7-4668-BE54-9A1E7A4F7556}") = "TelbatTestConsole", "TelbatTestConsole\TelbatTestConsole.csproj", "{61ACC758-87ED-4262-BF74-1643B89E1D82}"
EndProject
Project("{9A19103F-16F7-4668-BE54-9A1E7A4F7556}") = "TelBatWPFTest", "TelBatWPFTest\TelBatWPFTest.csproj", "{886317AC-F2FC-4054-AADB-C865127A81DD}"
EndProject
Project("{2150E333-8FDC-42A3-9474-1A3956D46DE8}") = "Server", "Server", "{9C96854F-DEE4-4E93-9DF5-FB1AF3D744D6}"
EndProject
Project("{2150E333-8FDC-42A3-9474-1A3956D46DE8}") = "Client apllications", "Client apllications", "{498C0389-D2FA-4B9D-B795-AEEAE81F1268}"
EndProject
Project("{2150E333-8FDC-42A3-9474-1A3956D46DE8}") = "WPF", "WPF", "{7D9C03FE-B5A8-4CBD-AF07-0D56D054929A}"
EndProject
Project("{2150E333-8FDC-42A3-9474-1A3956D46DE8}") = "MAUI", "MAUI", "{A01CA362-DDA8-4254-B07C-EFB0B8CAF71F}"
EndProject
Project("{2150E333-8FDC-42A3-9474-1A3956D46DE8}") = "Web", "Web", "{F36A2AD5-EE3B-49A4-9CAD-6745EDFCFED5}"
EndProject
Project("{FAE04EC0-301F-11D3-BF4B-00C04F79EFBC}") = "Telbat_Web", "Telbat_Web\Telbat_Web.csproj", "{9C1422CA-81D2-4503-8877-C3AB87C42884}"
EndProject
Project("{FAE04EC0-301F-11D3-BF4B-00C04F79EFBC}") = "TelbatMAUI", "TelbatMAUI\TelbatMAUI.csproj", "{0036A179-AE42-41F8-A7C4-84C5966D2329}"
EndProject
Project("{FAE04EC0-301F-11D3-BF4B-00C04F79EFBC}") = "AuthorizationServer", "AuthorizationServer\AuthorizationServer.csproj", "{3C31F176-E539-4EC7-85CD-63DD91F057EE}"
EndProject
Project("{FAE04EC0-301F-11D3-BF4B-00C04F79EFBC}") = "MesengerServer", "MesengerServer\MesengerServer.csproj", "{E3131AC2-5901-467A-9D30-D89C64EDFD31}"
EndProject
Global
	GlobalSection(SolutionConfigurationPlatforms) = preSolution
		Debug|Any CPU = Debug|Any CPU
		Release|Any CPU = Release|Any CPU
	EndGlobalSection
	GlobalSection(ProjectConfigurationPlatforms) = postSolution
		{E121BFB5-D0CD-4FC4-95AC-33A16D8230BA}.Debug|Any CPU.ActiveCfg = Debug|Any CPU
		{E121BFB5-D0CD-4FC4-95AC-33A16D8230BA}.Debug|Any CPU.Build.0 = Debug|Any CPU
		{E121BFB5-D0CD-4FC4-95AC-33A16D8230BA}.Release|Any CPU.ActiveCfg = Release|Any CPU
		{E121BFB5-D0CD-4FC4-95AC-33A16D8230BA}.Release|Any CPU.Build.0 = Release|Any CPU
		{61ACC758-87ED-4262-BF74-1643B89E1D82}.Debug|Any CPU.ActiveCfg = Debug|Any CPU
		{61ACC758-87ED-4262-BF74-1643B89E1D82}.Debug|Any CPU.Build.0 = Debug|Any CPU
		{61ACC758-87ED-4262-BF74-1643B89E1D82}.Release|Any CPU.ActiveCfg = Release|Any CPU
		{61ACC758-87ED-4262-BF74-1643B89E1D82}.Release|Any CPU.Build.0 = Release|Any CPU
		{886317AC-F2FC-4054-AADB-C865127A81DD}.Debug|Any CPU.ActiveCfg = Debug|Any CPU
		{886317AC-F2FC-4054-AADB-C865127A81DD}.Debug|Any CPU.Build.0 = Debug|Any CPU
		{886317AC-F2FC-4054-AADB-C865127A81DD}.Release|Any CPU.ActiveCfg = Release|Any CPU
		{886317AC-F2FC-4054-AADB-C865127A81DD}.Release|Any CPU.Build.0 = Release|Any CPU
		{9C1422CA-81D2-4503-8877-C3AB87C42884}.Debug|Any CPU.ActiveCfg = Debug|Any CPU
		{9C1422CA-81D2-4503-8877-C3AB87C42884}.Debug|Any CPU.Build.0 = Debug|Any CPU
		{9C1422CA-81D2-4503-8877-C3AB87C42884}.Release|Any CPU.ActiveCfg = Release|Any CPU
		{9C1422CA-81D2-4503-8877-C3AB87C42884}.Release|Any CPU.Build.0 = Release|Any CPU
		{0036A179-AE42-41F8-A7C4-84C5966D2329}.Debug|Any CPU.ActiveCfg = Debug|Any CPU
		{0036A179-AE42-41F8-A7C4-84C5966D2329}.Debug|Any CPU.Build.0 = Debug|Any CPU
		{0036A179-AE42-41F8-A7C4-84C5966D2329}.Debug|Any CPU.Deploy.0 = Debug|Any CPU
		{0036A179-AE42-41F8-A7C4-84C5966D2329}.Release|Any CPU.ActiveCfg = Release|Any CPU
		{0036A179-AE42-41F8-A7C4-84C5966D2329}.Release|Any CPU.Build.0 = Release|Any CPU
		{0036A179-AE42-41F8-A7C4-84C5966D2329}.Release|Any CPU.Deploy.0 = Release|Any CPU
		{3C31F176-E539-4EC7-85CD-63DD91F057EE}.Debug|Any CPU.ActiveCfg = Debug|Any CPU
		{3C31F176-E539-4EC7-85CD-63DD91F057EE}.Debug|Any CPU.Build.0 = Debug|Any CPU
		{3C31F176-E539-4EC7-85CD-63DD91F057EE}.Release|Any CPU.ActiveCfg = Release|Any CPU
		{3C31F176-E539-4EC7-85CD-63DD91F057EE}.Release|Any CPU.Build.0 = Release|Any CPU
		{E3131AC2-5901-467A-9D30-D89C64EDFD31}.Debug|Any CPU.ActiveCfg = Debug|Any CPU
		{E3131AC2-5901-467A-9D30-D89C64EDFD31}.Debug|Any CPU.Build.0 = Debug|Any CPU
		{E3131AC2-5901-467A-9D30-D89C64EDFD31}.Release|Any CPU.ActiveCfg = Release|Any CPU
		{E3131AC2-5901-467A-9D30-D89C64EDFD31}.Release|Any CPU.Build.0 = Release|Any CPU
	EndGlobalSection
	GlobalSection(SolutionProperties) = preSolution
		HideSolutionNode = FALSE
	EndGlobalSection
	GlobalSection(NestedProjects) = preSolution
		{E121BFB5-D0CD-4FC4-95AC-33A16D8230BA} = {7D9C03FE-B5A8-4CBD-AF07-0D56D054929A}
		{61ACC758-87ED-4262-BF74-1643B89E1D82} = {65378F0A-3BBB-40EF-B3DB-36C372143BAD}
		{886317AC-F2FC-4054-AADB-C865127A81DD} = {65378F0A-3BBB-40EF-B3DB-36C372143BAD}
		{7D9C03FE-B5A8-4CBD-AF07-0D56D054929A} = {498C0389-D2FA-4B9D-B795-AEEAE81F1268}
		{A01CA362-DDA8-4254-B07C-EFB0B8CAF71F} = {498C0389-D2FA-4B9D-B795-AEEAE81F1268}
		{F36A2AD5-EE3B-49A4-9CAD-6745EDFCFED5} = {498C0389-D2FA-4B9D-B795-AEEAE81F1268}
		{9C1422CA-81D2-4503-8877-C3AB87C42884} = {F36A2AD5-EE3B-49A4-9CAD-6745EDFCFED5}
		{0036A179-AE42-41F8-A7C4-84C5966D2329} = {A01CA362-DDA8-4254-B07C-EFB0B8CAF71F}
		{3C31F176-E539-4EC7-85CD-63DD91F057EE} = {9C96854F-DEE4-4E93-9DF5-FB1AF3D744D6}
		{E3131AC2-5901-467A-9D30-D89C64EDFD31} = {9C96854F-DEE4-4E93-9DF5-FB1AF3D744D6}
	EndGlobalSection
	GlobalSection(ExtensibilityGlobals) = postSolution
		SolutionGuid = {D3B10EFB-9779-4952-8B4D-ED251FF0A7B0}
	EndGlobalSection
EndGlobal
